// !$*UTF8*$!
{
	archiveVersion = 1;
	classes = {
	};
	objectVersion = 51;
	objects = {

/* Begin PBXBuildFile section */
		B832E2312347D313004C0296 /* AppDelegate.swift in Sources */ = {isa = PBXBuildFile; fileRef = B832E2302347D313004C0296 /* AppDelegate.swift */; };
		B832E2362347D313004C0296 /* Main.storyboard in Resources */ = {isa = PBXBuildFile; fileRef = B832E2342347D313004C0296 /* Main.storyboard */; };
		B832E2382347D315004C0296 /* Assets.xcassets in Resources */ = {isa = PBXBuildFile; fileRef = B832E2372347D315004C0296 /* Assets.xcassets */; };
		B832E23B2347D315004C0296 /* LaunchScreen.storyboard in Resources */ = {isa = PBXBuildFile; fileRef = B832E2392347D315004C0296 /* LaunchScreen.storyboard */; };
		B85DAE9B2348960800ACEA41 /* MovieHomeViewController.swift in Sources */ = {isa = PBXBuildFile; fileRef = B85DAE9A2348960800ACEA41 /* MovieHomeViewController.swift */; };
		B85DAE9F2348A39500ACEA41 /* MovieCollectionViewCell.swift in Sources */ = {isa = PBXBuildFile; fileRef = B85DAE9D2348A39500ACEA41 /* MovieCollectionViewCell.swift */; };
		B85DAEA02348A39500ACEA41 /* MovieCollectionViewCell.xib in Resources */ = {isa = PBXBuildFile; fileRef = B85DAE9E2348A39500ACEA41 /* MovieCollectionViewCell.xib */; };
		B85DAEA22348A48200ACEA41 /* AppConstants.swift in Sources */ = {isa = PBXBuildFile; fileRef = B85DAEA12348A48200ACEA41 /* AppConstants.swift */; };
		B85DAEA52348B63700ACEA41 /* HomeViewModel.swift in Sources */ = {isa = PBXBuildFile; fileRef = B85DAEA42348B63700ACEA41 /* HomeViewModel.swift */; };
		B85DAEAB2348CF3D00ACEA41 /* AppUtility.swift in Sources */ = {isa = PBXBuildFile; fileRef = B85DAEAA2348CF3D00ACEA41 /* AppUtility.swift */; };
		B85DAEB22348D9D800ACEA41 /* HomeDataModel.swift in Sources */ = {isa = PBXBuildFile; fileRef = B85DAEB12348D9D800ACEA41 /* HomeDataModel.swift */; };
		B85DAEB92349133400ACEA41 /* Service.swift in Sources */ = {isa = PBXBuildFile; fileRef = B85DAEB32349133400ACEA41 /* Service.swift */; };
		B85DAEBC2349133400ACEA41 /* SessionManager.swift in Sources */ = {isa = PBXBuildFile; fileRef = B85DAEB62349133400ACEA41 /* SessionManager.swift */; };
		B85DAEBD2349133400ACEA41 /* ServiceManager.swift in Sources */ = {isa = PBXBuildFile; fileRef = B85DAEB72349133400ACEA41 /* ServiceManager.swift */; };
		B85DAEBE2349133400ACEA41 /* RequestManager.swift in Sources */ = {isa = PBXBuildFile; fileRef = B85DAEB82349133400ACEA41 /* RequestManager.swift */; };
		D5D185A00DCF88715107C77C /* Pods_UpgradAssignment.framework in Frameworks */ = {isa = PBXBuildFile; fileRef = 2823144CCEE32A5ABFFEA236 /* Pods_UpgradAssignment.framework */; };
/* End PBXBuildFile section */

/* Begin PBXFileReference section */
		2823144CCEE32A5ABFFEA236 /* Pods_UpgradAssignment.framework */ = {isa = PBXFileReference; explicitFileType = wrapper.framework; includeInIndex = 0; path = Pods_UpgradAssignment.framework; sourceTree = BUILT_PRODUCTS_DIR; };
		6DBA38CC8BE913DB68A7DE5F /* Pods-UpgradAssignment.debug.xcconfig */ = {isa = PBXFileReference; includeInIndex = 1; lastKnownFileType = text.xcconfig; name = "Pods-UpgradAssignment.debug.xcconfig"; path = "Target Support Files/Pods-UpgradAssignment/Pods-UpgradAssignment.debug.xcconfig"; sourceTree = "<group>"; };
		B832E22D2347D313004C0296 /* UpgradAssignment.app */ = {isa = PBXFileReference; explicitFileType = wrapper.application; includeInIndex = 0; path = UpgradAssignment.app; sourceTree = BUILT_PRODUCTS_DIR; };
		B832E2302347D313004C0296 /* AppDelegate.swift */ = {isa = PBXFileReference; lastKnownFileType = sourcecode.swift; path = AppDelegate.swift; sourceTree = "<group>"; };
		B832E2352347D313004C0296 /* Base */ = {isa = PBXFileReference; lastKnownFileType = file.storyboard; name = Base; path = Base.lproj/Main.storyboard; sourceTree = "<group>"; };
		B832E2372347D315004C0296 /* Assets.xcassets */ = {isa = PBXFileReference; lastKnownFileType = folder.assetcatalog; path = Assets.xcassets; sourceTree = "<group>"; };
		B832E23A2347D315004C0296 /* Base */ = {isa = PBXFileReference; lastKnownFileType = file.storyboard; name = Base; path = Base.lproj/LaunchScreen.storyboard; sourceTree = "<group>"; };
		B832E23C2347D315004C0296 /* Info.plist */ = {isa = PBXFileReference; lastKnownFileType = text.plist.xml; path = Info.plist; sourceTree = "<group>"; };
		B85DAE9A2348960800ACEA41 /* MovieHomeViewController.swift */ = {isa = PBXFileReference; lastKnownFileType = sourcecode.swift; path = MovieHomeViewController.swift; sourceTree = "<group>"; };
		B85DAE9D2348A39500ACEA41 /* MovieCollectionViewCell.swift */ = {isa = PBXFileReference; lastKnownFileType = sourcecode.swift; path = MovieCollectionViewCell.swift; sourceTree = "<group>"; };
		B85DAE9E2348A39500ACEA41 /* MovieCollectionViewCell.xib */ = {isa = PBXFileReference; lastKnownFileType = file.xib; path = MovieCollectionViewCell.xib; sourceTree = "<group>"; };
		B85DAEA12348A48200ACEA41 /* AppConstants.swift */ = {isa = PBXFileReference; lastKnownFileType = sourcecode.swift; path = AppConstants.swift; sourceTree = "<group>"; };
		B85DAEA42348B63700ACEA41 /* HomeViewModel.swift */ = {isa = PBXFileReference; lastKnownFileType = sourcecode.swift; path = HomeViewModel.swift; sourceTree = "<group>"; };
		B85DAEAA2348CF3D00ACEA41 /* AppUtility.swift */ = {isa = PBXFileReference; lastKnownFileType = sourcecode.swift; path = AppUtility.swift; sourceTree = "<group>"; };
		B85DAEB12348D9D800ACEA41 /* HomeDataModel.swift */ = {isa = PBXFileReference; lastKnownFileType = sourcecode.swift; path = HomeDataModel.swift; sourceTree = "<group>"; };
		B85DAEB32349133400ACEA41 /* Service.swift */ = {isa = PBXFileReference; fileEncoding = 4; lastKnownFileType = sourcecode.swift; path = Service.swift; sourceTree = "<group>"; };
		B85DAEB62349133400ACEA41 /* SessionManager.swift */ = {isa = PBXFileReference; fileEncoding = 4; lastKnownFileType = sourcecode.swift; path = SessionManager.swift; sourceTree = "<group>"; };
		B85DAEB72349133400ACEA41 /* ServiceManager.swift */ = {isa = PBXFileReference; fileEncoding = 4; lastKnownFileType = sourcecode.swift; path = ServiceManager.swift; sourceTree = "<group>"; };
		B85DAEB82349133400ACEA41 /* RequestManager.swift */ = {isa = PBXFileReference; fileEncoding = 4; lastKnownFileType = sourcecode.swift; path = RequestManager.swift; sourceTree = "<group>"; };
		D2B84AD3DCE6874629CF7731 /* Pods-UpgradAssignment.release.xcconfig */ = {isa = PBXFileReference; includeInIndex = 1; lastKnownFileType = text.xcconfig; name = "Pods-UpgradAssignment.release.xcconfig"; path = "Target Support Files/Pods-UpgradAssignment/Pods-UpgradAssignment.release.xcconfig"; sourceTree = "<group>"; };
/* End PBXFileReference section */

/* Begin PBXFrameworksBuildPhase section */
		B832E22A2347D313004C0296 /* Frameworks */ = {
			isa = PBXFrameworksBuildPhase;
			buildActionMask = 2147483647;
			files = (
				D5D185A00DCF88715107C77C /* Pods_UpgradAssignment.framework in Frameworks */,
			);
			runOnlyForDeploymentPostprocessing = 0;
		};
/* End PBXFrameworksBuildPhase section */

/* Begin PBXGroup section */
		1444C1BB2D5468033E66ED5E /* Frameworks */ = {
			isa = PBXGroup;
			children = (
				2823144CCEE32A5ABFFEA236 /* Pods_UpgradAssignment.framework */,
			);
			name = Frameworks;
			sourceTree = "<group>";
		};
		B832E2242347D312004C0296 = {
			isa = PBXGroup;
			children = (
				B832E22F2347D313004C0296 /* UpgradAssignment */,
				B832E22E2347D313004C0296 /* Products */,
				DACD58787C55EC387C367F85 /* Pods */,
				1444C1BB2D5468033E66ED5E /* Frameworks */,
			);
			sourceTree = "<group>";
		};
		B832E22E2347D313004C0296 /* Products */ = {
			isa = PBXGroup;
			children = (
				B832E22D2347D313004C0296 /* UpgradAssignment.app */,
			);
			name = Products;
			sourceTree = "<group>";
		};
		B832E22F2347D313004C0296 /* UpgradAssignment */ = {
			isa = PBXGroup;
			children = (
				B85DAEB02348D9B500ACEA41 /* DataModel */,
				B85DAEA72348C90700ACEA41 /* WebManager */,
				B85DAEA62348BB4900ACEA41 /* UtilityAndConstants */,
				B85DAEA32348B60400ACEA41 /* ViewModel */,
				B85DAE9C2348A34000ACEA41 /* Views */,
				B85DAE99234895C900ACEA41 /* Controllers */,
				B832E2302347D313004C0296 /* AppDelegate.swift */,
				B832E2342347D313004C0296 /* Main.storyboard */,
				B832E2372347D315004C0296 /* Assets.xcassets */,
				B832E2392347D315004C0296 /* LaunchScreen.storyboard */,
				B832E23C2347D315004C0296 /* Info.plist */,
			);
			path = UpgradAssignment;
			sourceTree = "<group>";
		};
		B85DAE99234895C900ACEA41 /* Controllers */ = {
			isa = PBXGroup;
			children = (
				B85DAE9A2348960800ACEA41 /* MovieHomeViewController.swift */,
			);
			path = Controllers;
			sourceTree = "<group>";
		};
		B85DAE9C2348A34000ACEA41 /* Views */ = {
			isa = PBXGroup;
			children = (
				B85DAE9D2348A39500ACEA41 /* MovieCollectionViewCell.swift */,
				B85DAE9E2348A39500ACEA41 /* MovieCollectionViewCell.xib */,
			);
			path = Views;
			sourceTree = "<group>";
		};
		B85DAEA32348B60400ACEA41 /* ViewModel */ = {
			isa = PBXGroup;
			children = (
				B85DAEA42348B63700ACEA41 /* HomeViewModel.swift */,
			);
			path = ViewModel;
			sourceTree = "<group>";
		};
		B85DAEA62348BB4900ACEA41 /* UtilityAndConstants */ = {
			isa = PBXGroup;
			children = (
				B85DAEA12348A48200ACEA41 /* AppConstants.swift */,
				B85DAEAA2348CF3D00ACEA41 /* AppUtility.swift */,
			);
			path = UtilityAndConstants;
			sourceTree = "<group>";
		};
		B85DAEA72348C90700ACEA41 /* WebManager */ = {
			isa = PBXGroup;
			children = (
				B85DAEB82349133400ACEA41 /* RequestManager.swift */,
				B85DAEB32349133400ACEA41 /* Service.swift */,
				B85DAEB72349133400ACEA41 /* ServiceManager.swift */,
				B85DAEB62349133400ACEA41 /* SessionManager.swift */,
			);
			path = WebManager;
			sourceTree = "<group>";
		};
		B85DAEB02348D9B500ACEA41 /* DataModel */ = {
			isa = PBXGroup;
			children = (
				B85DAEB12348D9D800ACEA41 /* HomeDataModel.swift */,
			);
			path = DataModel;
			sourceTree = "<group>";
		};
		DACD58787C55EC387C367F85 /* Pods */ = {
			isa = PBXGroup;
			children = (
				6DBA38CC8BE913DB68A7DE5F /* Pods-UpgradAssignment.debug.xcconfig */,
				D2B84AD3DCE6874629CF7731 /* Pods-UpgradAssignment.release.xcconfig */,
			);
			path = Pods;
			sourceTree = "<group>";
		};
/* End PBXGroup section */

/* Begin PBXNativeTarget section */
		B832E22C2347D313004C0296 /* UpgradAssignment */ = {
			isa = PBXNativeTarget;
			buildConfigurationList = B832E23F2347D315004C0296 /* Build configuration list for PBXNativeTarget "UpgradAssignment" */;
			buildPhases = (
				F06BDFF32AED2B521D0F7E30 /* [CP] Check Pods Manifest.lock */,
				B832E2292347D313004C0296 /* Sources */,
				B832E22A2347D313004C0296 /* Frameworks */,
				B832E22B2347D313004C0296 /* Resources */,
				446811C59109AC8B5C7D9457 /* [CP] Embed Pods Frameworks */,
			);
			buildRules = (
			);
			dependencies = (
			);
			name = UpgradAssignment;
			productName = UpgradAssignment;
			productReference = B832E22D2347D313004C0296 /* UpgradAssignment.app */;
			productType = "com.apple.product-type.application";
		};
/* End PBXNativeTarget section */

/* Begin PBXProject section */
		B832E2252347D312004C0296 /* Project object */ = {
			isa = PBXProject;
			attributes = {
				LastSwiftUpdateCheck = 1020;
				LastUpgradeCheck = 1020;
				ORGANIZATIONNAME = vinit.somani;
				TargetAttributes = {
					B832E22C2347D313004C0296 = {
						CreatedOnToolsVersion = 10.2;
					};
				};
			};
			buildConfigurationList = B832E2282347D312004C0296 /* Build configuration list for PBXProject "UpgradAssignment" */;
			compatibilityVersion = "Xcode 9.3";
			developmentRegion = en;
			hasScannedForEncodings = 0;
			knownRegions = (
				en,
				Base,
			);
			mainGroup = B832E2242347D312004C0296;
			productRefGroup = B832E22E2347D313004C0296 /* Products */;
			projectDirPath = "";
			projectRoot = "";
			targets = (
				B832E22C2347D313004C0296 /* UpgradAssignment */,
			);
		};
/* End PBXProject section */

/* Begin PBXResourcesBuildPhase section */
		B832E22B2347D313004C0296 /* Resources */ = {
			isa = PBXResourcesBuildPhase;
			buildActionMask = 2147483647;
			files = (
				B832E23B2347D315004C0296 /* LaunchScreen.storyboard in Resources */,
				B832E2382347D315004C0296 /* Assets.xcassets in Resources */,
				B832E2362347D313004C0296 /* Main.storyboard in Resources */,
				B85DAEA02348A39500ACEA41 /* MovieCollectionViewCell.xib in Resources */,
			);
			runOnlyForDeploymentPostprocessing = 0;
		};
/* End PBXResourcesBuildPhase section */

/* Begin PBXShellScriptBuildPhase section */
		446811C59109AC8B5C7D9457 /* [CP] Embed Pods Frameworks */ = {
			isa = PBXShellScriptBuildPhase;
			buildActionMask = 2147483647;
			files = (
			);
			inputFileListPaths = (
				"${PODS_ROOT}/Target Support Files/Pods-UpgradAssignment/Pods-UpgradAssignment-frameworks-${CONFIGURATION}-input-files.xcfilelist",
			);
			name = "[CP] Embed Pods Frameworks";
			outputFileListPaths = (
				"${PODS_ROOT}/Target Support Files/Pods-UpgradAssignment/Pods-UpgradAssignment-frameworks-${CONFIGURATION}-output-files.xcfilelist",
			);
			runOnlyForDeploymentPostprocessing = 0;
			shellPath = /bin/sh;
			shellScript = "\"${PODS_ROOT}/Target Support Files/Pods-UpgradAssignment/Pods-UpgradAssignment-frameworks.sh\"\n";
			showEnvVarsInLog = 0;
		};
		F06BDFF32AED2B521D0F7E30 /* [CP] Check Pods Manifest.lock */ = {
			isa = PBXShellScriptBuildPhase;
			buildActionMask = 2147483647;
			files = (
			);
			inputFileListPaths = (
			);
			inputPaths = (
				"${PODS_PODFILE_DIR_PATH}/Podfile.lock",
				"${PODS_ROOT}/Manifest.lock",
			);
			name = "[CP] Check Pods Manifest.lock";
			outputFileListPaths = (
			);
			outputPaths = (
				"$(DERIVED_FILE_DIR)/Pods-UpgradAssignment-checkManifestLockResult.txt",
			);
			runOnlyForDeploymentPostprocessing = 0;
			shellPath = /bin/sh;
			shellScript = "diff \"${PODS_PODFILE_DIR_PATH}/Podfile.lock\" \"${PODS_ROOT}/Manifest.lock\" > /dev/null\nif [ $? != 0 ] ; then\n    # print error to STDERR\n    echo \"error: The sandbox is not in sync with the Podfile.lock. Run 'pod install' or update your CocoaPods installation.\" >&2\n    exit 1\nfi\n# This output is used by Xcode 'outputs' to avoid re-running this script phase.\necho \"SUCCESS\" > \"${SCRIPT_OUTPUT_FILE_0}\"\n";
			showEnvVarsInLog = 0;
		};
/* End PBXShellScriptBuildPhase section */

/* Begin PBXSourcesBuildPhase section */
		B832E2292347D313004C0296 /* Sources */ = {
			isa = PBXSourcesBuildPhase;
			buildActionMask = 2147483647;
			files = (
				B85DAEAB2348CF3D00ACEA41 /* AppUtility.swift in Sources */,
				B85DAEB92349133400ACEA41 /* Service.swift in Sources */,
				B85DAEBE2349133400ACEA41 /* RequestManager.swift in Sources */,
				B85DAEB22348D9D800ACEA41 /* HomeDataModel.swift in Sources */,
				B85DAE9F2348A39500ACEA41 /* MovieCollectionViewCell.swift in Sources */,
				B85DAE9B2348960800ACEA41 /* MovieHomeViewController.swift in Sources */,
				B832E2312347D313004C0296 /* AppDelegate.swift in Sources */,
				B85DAEA52348B63700ACEA41 /* HomeViewModel.swift in Sources */,
				B85DAEA22348A48200ACEA41 /* AppConstants.swift in Sources */,
				B85DAEBC2349133400ACEA41 /* SessionManager.swift in Sources */,
				B85DAEBD2349133400ACEA41 /* ServiceManager.swift in Sources */,
			);
			runOnlyForDeploymentPostprocessing = 0;
		};
/* End PBXSourcesBuildPhase section */

/* Begin PBXVariantGroup section */
		B832E2342347D313004C0296 /* Main.storyboard */ = {
			isa = PBXVariantGroup;
			children = (
				B832E2352347D313004C0296 /* Base */,
			);
			name = Main.storyboard;
			sourceTree = "<group>";
		};
		B832E2392347D315004C0296 /* LaunchScreen.storyboard */ = {
			isa = PBXVariantGroup;
			children = (
				B832E23A2347D315004C0296 /* Base */,
			);
			name = LaunchScreen.storyboard;
			sourceTree = "<group>";
		};
/* End PBXVariantGroup section */

/* Begin XCBuildConfiguration section */
		B832E23D2347D315004C0296 /* Debug */ = {
			isa = XCBuildConfiguration;
			buildSettings = {
				ALWAYS_SEARCH_USER_PATHS = NO;
				CLANG_ANALYZER_NONNULL = YES;
				CLANG_ANALYZER_NUMBER_OBJECT_CONVERSION = YES_AGGRESSIVE;
				CLANG_CXX_LANGUAGE_STANDARD = "gnu++14";
				CLANG_CXX_LIBRARY = "libc++";
				CLANG_ENABLE_MODULES = YES;
				CLANG_ENABLE_OBJC_ARC = YES;
				CLANG_ENABLE_OBJC_WEAK = YES;
				CLANG_WARN_BLOCK_CAPTURE_AUTORELEASING = YES;
				CLANG_WARN_BOOL_CONVERSION = YES;
				CLANG_WARN_COMMA = YES;
				CLANG_WARN_CONSTANT_CONVERSION = YES;
				CLANG_WARN_DEPRECATED_OBJC_IMPLEMENTATIONS = YES;
				CLANG_WARN_DIRECT_OBJC_ISA_USAGE = YES_ERROR;
				CLANG_WARN_DOCUMENTATION_COMMENTS = YES;
				CLANG_WARN_EMPTY_BODY = YES;
				CLANG_WARN_ENUM_CONVERSION = YES;
				CLANG_WARN_INFINITE_RECURSION = YES;
				CLANG_WARN_INT_CONVERSION = YES;
				CLANG_WARN_NON_LITERAL_NULL_CONVERSION = YES;
				CLANG_WARN_OBJC_IMPLICIT_RETAIN_SELF = YES;
				CLANG_WARN_OBJC_LITERAL_CONVERSION = YES;
				CLANG_WARN_OBJC_ROOT_CLASS = YES_ERROR;
				CLANG_WARN_RANGE_LOOP_ANALYSIS = YES;
				CLANG_WARN_STRICT_PROTOTYPES = YES;
				CLANG_WARN_SUSPICIOUS_MOVE = YES;
				CLANG_WARN_UNGUARDED_AVAILABILITY = YES_AGGRESSIVE;
				CLANG_WARN_UNREACHABLE_CODE = YES;
				CLANG_WARN__DUPLICATE_METHOD_MATCH = YES;
				CODE_SIGN_IDENTITY = "iPhone Developer";
				COPY_PHASE_STRIP = NO;
				DEBUG_INFORMATION_FORMAT = dwarf;
				ENABLE_STRICT_OBJC_MSGSEND = YES;
				ENABLE_TESTABILITY = YES;
				GCC_C_LANGUAGE_STANDARD = gnu11;
				GCC_DYNAMIC_NO_PIC = NO;
				GCC_NO_COMMON_BLOCKS = YES;
				GCC_OPTIMIZATION_LEVEL = 0;
				GCC_PREPROCESSOR_DEFINITIONS = (
					"DEBUG=1",
					"$(inherited)",
				);
				GCC_WARN_64_TO_32_BIT_CONVERSION = YES;
				GCC_WARN_ABOUT_RETURN_TYPE = YES_ERROR;
				GCC_WARN_UNDECLARED_SELECTOR = YES;
				GCC_WARN_UNINITIALIZED_AUTOS = YES_AGGRESSIVE;
				GCC_WARN_UNUSED_FUNCTION = YES;
				GCC_WARN_UNUSED_VARIABLE = YES;
				IPHONEOS_DEPLOYMENT_TARGET = 12.2;
				MTL_ENABLE_DEBUG_INFO = INCLUDE_SOURCE;
				MTL_FAST_MATH = YES;
				ONLY_ACTIVE_ARCH = YES;
				SDKROOT = iphoneos;
				SWIFT_ACTIVE_COMPILATION_CONDITIONS = DEBUG;
				SWIFT_OPTIMIZATION_LEVEL = "-Onone";
			};
			name = Debug;
		};
		B832E23E2347D315004C0296 /* Release */ = {
			isa = XCBuildConfiguration;
			buildSettings = {
				ALWAYS_SEARCH_USER_PATHS = NO;
				CLANG_ANALYZER_NONNULL = YES;
				CLANG_ANALYZER_NUMBER_OBJECT_CONVERSION = YES_AGGRESSIVE;
				CLANG_CXX_LANGUAGE_STANDARD = "gnu++14";
				CLANG_CXX_LIBRARY = "libc++";
				CLANG_ENABLE_MODULES = YES;
				CLANG_ENABLE_OBJC_ARC = YES;
				CLANG_ENABLE_OBJC_WEAK = YES;
				CLANG_WARN_BLOCK_CAPTURE_AUTORELEASING = YES;
				CLANG_WARN_BOOL_CONVERSION = YES;
				CLANG_WARN_COMMA = YES;
				CLANG_WARN_CONSTANT_CONVERSION = YES;
				CLANG_WARN_DEPRECATED_OBJC_IMPLEMENTATIONS = YES;
				CLANG_WARN_DIRECT_OBJC_ISA_USAGE = YES_ERROR;
				CLANG_WARN_DOCUMENTATION_COMMENTS = YES;
				CLANG_WARN_EMPTY_BODY = YES;
				CLANG_WARN_ENUM_CONVERSION = YES;
				CLANG_WARN_INFINITE_RECURSION = YES;
				CLANG_WARN_INT_CONVERSION = YES;
				CLANG_WARN_NON_LITERAL_NULL_CONVERSION = YES;
				CLANG_WARN_OBJC_IMPLICIT_RETAIN_SELF = YES;
				CLANG_WARN_OBJC_LITERAL_CONVERSION = YES;
				CLANG_WARN_OBJC_ROOT_CLASS = YES_ERROR;
				CLANG_WARN_RANGE_LOOP_ANALYSIS = YES;
				CLANG_WARN_STRICT_PROTOTYPES = YES;
				CLANG_WARN_SUSPICIOUS_MOVE = YES;
				CLANG_WARN_UNGUARDED_AVAILABILITY = YES_AGGRESSIVE;
				CLANG_WARN_UNREACHABLE_CODE = YES;
				CLANG_WARN__DUPLICATE_METHOD_MATCH = YES;
				CODE_SIGN_IDENTITY = "iPhone Developer";
				COPY_PHASE_STRIP = NO;
				DEBUG_INFORMATION_FORMAT = "dwarf-with-dsym";
				ENABLE_NS_ASSERTIONS = NO;
				ENABLE_STRICT_OBJC_MSGSEND = YES;
				GCC_C_LANGUAGE_STANDARD = gnu11;
				GCC_NO_COMMON_BLOCKS = YES;
				GCC_WARN_64_TO_32_BIT_CONVERSION = YES;
				GCC_WARN_ABOUT_RETURN_TYPE = YES_ERROR;
				GCC_WARN_UNDECLARED_SELECTOR = YES;
				GCC_WARN_UNINITIALIZED_AUTOS = YES_AGGRESSIVE;
				GCC_WARN_UNUSED_FUNCTION = YES;
				GCC_WARN_UNUSED_VARIABLE = YES;
				IPHONEOS_DEPLOYMENT_TARGET = 12.2;
				MTL_ENABLE_DEBUG_INFO = NO;
				MTL_FAST_MATH = YES;
				SDKROOT = iphoneos;
				SWIFT_COMPILATION_MODE = wholemodule;
				SWIFT_OPTIMIZATION_LEVEL = "-O";
				VALIDATE_PRODUCT = YES;
			};
			name = Release;
		};
		B832E2402347D315004C0296 /* Debug */ = {
			isa = XCBuildConfiguration;
			baseConfigurationReference = 6DBA38CC8BE913DB68A7DE5F /* Pods-UpgradAssignment.debug.xcconfig */;
			buildSettings = {
				ASSETCATALOG_COMPILER_APPICON_NAME = AppIcon;
				CODE_SIGN_STYLE = Automatic;
				DEVELOPMENT_TEAM = PR2MFMFL7V;
				INFOPLIST_FILE = UpgradAssignment/Info.plist;
				LD_RUNPATH_SEARCH_PATHS = (
					"$(inherited)",
					"@executable_path/Frameworks",
				);
				PRODUCT_BUNDLE_IDENTIFIER = vinit.somani.UpgradAssignment;
				PRODUCT_NAME = "$(TARGET_NAME)";
				SWIFT_VERSION = 5.0;
				TARGETED_DEVICE_FAMILY = "1,2";
			};
			name = Debug;
		};
		B832E2412347D315004C0296 /* Release */ = {
			isa = XCBuildConfiguration;
			baseConfigurationReference = D2B84AD3DCE6874629CF7731 /* Pods-UpgradAssignment.release.xcconfig */;
			buildSettings = {
				ASSETCATALOG_COMPILER_APPICON_NAME = AppIcon;
				CODE_SIGN_STYLE = Automatic;
				DEVELOPMENT_TEAM = PR2MFMFL7V;
				INFOPLIST_FILE = UpgradAssignment/Info.plist;
				LD_RUNPATH_SEARCH_PATHS = (
					"$(inherited)",
					"@executable_path/Frameworks",
				);
				PRODUCT_BUNDLE_IDENTIFIER = vinit.somani.UpgradAssignment;
				PRODUCT_NAME = "$(TARGET_NAME)";
				SWIFT_VERSION = 5.0;
				TARGETED_DEVICE_FAMILY = "1,2";
			};
			name = Release;
		};
/* End XCBuildConfiguration section */

/* Begin XCConfigurationList section */
		B832E2282347D312004C0296 /* Build configuration list for PBXProject "UpgradAssignment" */ = {
			isa = XCConfigurationList;
			buildConfigurations = (
				B832E23D2347D315004C0296 /* Debug */,
				B832E23E2347D315004C0296 /* Release */,
			);
			defaultConfigurationIsVisible = 0;
			defaultConfigurationName = Release;
		};
		B832E23F2347D315004C0296 /* Build configuration list for PBXNativeTarget "UpgradAssignment" */ = {
			isa = XCConfigurationList;
			buildConfigurations = (
				B832E2402347D315004C0296 /* Debug */,
				B832E2412347D315004C0296 /* Release */,
			);
			defaultConfigurationIsVisible = 0;
			defaultConfigurationName = Release;
		};
/* End XCConfigurationList section */
	};
	rootObject = B832E2252347D312004C0296 /* Project object */;
}
